// !$*UTF8*$!
{
	archiveVersion = 1;
	classes = {
	};
	objectVersion = 46;
	objects = {

/* Begin PBXBuildFile section */
		3B0C908A1EA5FFB500FDF7A8 /* FetchingContacts.swift in Sources */ = {isa = PBXBuildFile; fileRef = 3B0C90891EA5FFB500FDF7A8 /* FetchingContacts.swift */; };
		3BDE39E91EA4B0BA00FB5294 /* ContactViewController.swift in Sources */ = {isa = PBXBuildFile; fileRef = 3BDE39E81EA4B0BA00FB5294 /* ContactViewController.swift */; };
		81169FC51E9BBAC600A74033 /* AppDelegate.swift in Sources */ = {isa = PBXBuildFile; fileRef = 81169FC41E9BBAC600A74033 /* AppDelegate.swift */; };
		81169FC71E9BBAC600A74033 /* ViewController.swift in Sources */ = {isa = PBXBuildFile; fileRef = 81169FC61E9BBAC600A74033 /* ViewController.swift */; };
		81169FCA1E9BBAC600A74033 /* Main.storyboard in Resources */ = {isa = PBXBuildFile; fileRef = 81169FC81E9BBAC600A74033 /* Main.storyboard */; };
		81169FCC1E9BBAC600A74033 /* Assets.xcassets in Resources */ = {isa = PBXBuildFile; fileRef = 81169FCB1E9BBAC600A74033 /* Assets.xcassets */; };
		81169FCF1E9BBAC600A74033 /* LaunchScreen.storyboard in Resources */ = {isa = PBXBuildFile; fileRef = 81169FCD1E9BBAC600A74033 /* LaunchScreen.storyboard */; };
/* End PBXBuildFile section */

/* Begin PBXFileReference section */
		3B0C90891EA5FFB500FDF7A8 /* FetchingContacts.swift */ = {isa = PBXFileReference; fileEncoding = 4; lastKnownFileType = sourcecode.swift; path = FetchingContacts.swift; sourceTree = "<group>"; };
		3BDE39E81EA4B0BA00FB5294 /* ContactViewController.swift */ = {isa = PBXFileReference; fileEncoding = 4; lastKnownFileType = sourcecode.swift; path = ContactViewController.swift; sourceTree = "<group>"; };
		81169FC11E9BBAC600A74033 /* contactTest.app */ = {isa = PBXFileReference; explicitFileType = wrapper.application; includeInIndex = 0; path = contactTest.app; sourceTree = BUILT_PRODUCTS_DIR; };
		81169FC41E9BBAC600A74033 /* AppDelegate.swift */ = {isa = PBXFileReference; lastKnownFileType = sourcecode.swift; path = AppDelegate.swift; sourceTree = "<group>"; };
		81169FC61E9BBAC600A74033 /* ViewController.swift */ = {isa = PBXFileReference; lastKnownFileType = sourcecode.swift; path = ViewController.swift; sourceTree = "<group>"; };
		81169FC91E9BBAC600A74033 /* Base */ = {isa = PBXFileReference; lastKnownFileType = file.storyboard; name = Base; path = Base.lproj/Main.storyboard; sourceTree = "<group>"; };
		81169FCB1E9BBAC600A74033 /* Assets.xcassets */ = {isa = PBXFileReference; lastKnownFileType = folder.assetcatalog; path = Assets.xcassets; sourceTree = "<group>"; };
		81169FCE1E9BBAC600A74033 /* Base */ = {isa = PBXFileReference; lastKnownFileType = file.storyboard; name = Base; path = Base.lproj/LaunchScreen.storyboard; sourceTree = "<group>"; };
		81169FD01E9BBAC600A74033 /* Info.plist */ = {isa = PBXFileReference; lastKnownFileType = text.plist.xml; path = Info.plist; sourceTree = "<group>"; };
/* End PBXFileReference section */

/* Begin PBXFrameworksBuildPhase section */
		81169FBE1E9BBAC600A74033 /* Frameworks */ = {
			isa = PBXFrameworksBuildPhase;
			buildActionMask = 2147483647;
			files = (
			);
			runOnlyForDeploymentPostprocessing = 0;
		};
/* End PBXFrameworksBuildPhase section */

/* Begin PBXGroup section */
		81169FB81E9BBAC600A74033 = {
			isa = PBXGroup;
			children = (
				81169FC31E9BBAC600A74033 /* contactTest */,
				81169FC21E9BBAC600A74033 /* Products */,
			);
			sourceTree = "<group>";
		};
		81169FC21E9BBAC600A74033 /* Products */ = {
			isa = PBXGroup;
			children = (
				81169FC11E9BBAC600A74033 /* contactTest.app */,
			);
			name = Products;
			sourceTree = "<group>";
		};
		81169FC31E9BBAC600A74033 /* contactTest */ = {
			isa = PBXGroup;
			children = (
				81169FC41E9BBAC600A74033 /* AppDelegate.swift */,
				81169FC61E9BBAC600A74033 /* ViewController.swift */,
				3B0C90891EA5FFB500FDF7A8 /* FetchingContacts.swift */,
				3BDE39E81EA4B0BA00FB5294 /* ContactViewController.swift */,
				81169FC81E9BBAC600A74033 /* Main.storyboard */,
				81169FCB1E9BBAC600A74033 /* Assets.xcassets */,
				81169FCD1E9BBAC600A74033 /* LaunchScreen.storyboard */,
				81169FD01E9BBAC600A74033 /* Info.plist */,
			);
			path = contactTest;
			sourceTree = "<group>";
		};
/* End PBXGroup section */

/* Begin PBXNativeTarget section */
		81169FC01E9BBAC600A74033 /* contactTest */ = {
			isa = PBXNativeTarget;
			buildConfigurationList = 81169FD31E9BBAC600A74033 /* Build configuration list for PBXNativeTarget "contactTest" */;
			buildPhases = (
				81169FBD1E9BBAC600A74033 /* Sources */,
				81169FBE1E9BBAC600A74033 /* Frameworks */,
				81169FBF1E9BBAC600A74033 /* Resources */,
			);
			buildRules = (
			);
			dependencies = (
			);
			name = contactTest;
			productName = contactTest;
			productReference = 81169FC11E9BBAC600A74033 /* contactTest.app */;
			productType = "com.apple.product-type.application";
		};
/* End PBXNativeTarget section */

/* Begin PBXProject section */
		81169FB91E9BBAC600A74033 /* Project object */ = {
			isa = PBXProject;
			attributes = {
				LastSwiftUpdateCheck = 0830;
				LastUpgradeCheck = 0830;
				ORGANIZATIONNAME = ioS;
				TargetAttributes = {
					81169FC01E9BBAC600A74033 = {
						CreatedOnToolsVersion = 8.3;
						DevelopmentTeam = M7E8W35RYZ;
						ProvisioningStyle = Automatic;
					};
				};
			};
			buildConfigurationList = 81169FBC1E9BBAC600A74033 /* Build configuration list for PBXProject "contactTest" */;
			compatibilityVersion = "Xcode 3.2";
			developmentRegion = English;
			hasScannedForEncodings = 0;
			knownRegions = (
				en,
				Base,
			);
			mainGroup = 81169FB81E9BBAC600A74033;
			productRefGroup = 81169FC21E9BBAC600A74033 /* Products */;
			projectDirPath = "";
			projectRoot = "";
			targets = (
				81169FC01E9BBAC600A74033 /* contactTest */,
			);
		};
/* End PBXProject section */

/* Begin PBXResourcesBuildPhase section */
		81169FBF1E9BBAC600A74033 /* Resources */ = {
			isa = PBXResourcesBuildPhase;
			buildActionMask = 2147483647;
			files = (
				81169FCF1E9BBAC600A74033 /* LaunchScreen.storyboard in Resources */,
				81169FCC1E9BBAC600A74033 /* Assets.xcassets in Resources */,
				81169FCA1E9BBAC600A74033 /* Main.storyboard in Resources */,
			);
			runOnlyForDeploymentPostprocessing = 0;
		};
/* End PBXResourcesBuildPhase section */

/* Begin PBXSourcesBuildPhase section */
		81169FBD1E9BBAC600A74033 /* Sources */ = {
			isa = PBXSourcesBuildPhase;
			buildActionMask = 2147483647;
			files = (
				3B0C908A1EA5FFB500FDF7A8 /* FetchingContacts.swift in Sources */,
				81169FC71E9BBAC600A74033 /* ViewController.swift in Sources */,
				81169FC51E9BBAC600A74033 /* AppDelegate.swift in Sources */,
				3BDE39E91EA4B0BA00FB5294 /* ContactViewController.swift in Sources */,
			);
			runOnlyForDeploymentPostprocessing = 0;
		};
/* End PBXSourcesBuildPhase section */

/* Begin PBXVariantGroup section */
		81169FC81E9BBAC600A74033 /* Main.storyboard */ = {
			isa = PBXVariantGroup;
			children = (
				81169FC91E9BBAC600A74033 /* Base */,
			);
			name = Main.storyboard;
			sourceTree = "<group>";
		};
		81169FCD1E9BBAC600A74033 /* LaunchScreen.storyboard */ = {
			isa = PBXVariantGroup;
			children = (
				81169FCE1E9BBAC600A74033 /* Base */,
			);
			name = LaunchScreen.storyboard;
			sourceTree = "<group>";
		};
/* End PBXVariantGroup section */

/* Begin XCBuildConfiguration section */
		81169FD11E9BBAC600A74033 /* Debug */ = {
			isa = XCBuildConfiguration;
			buildSettings = {
				ALWAYS_SEARCH_USER_PATHS = NO;
				CLANG_ANALYZER_NONNULL = YES;
				CLANG_ANALYZER_NUMBER_OBJECT_CONVERSION = YES_AGGRESSIVE;
				CLANG_CXX_LANGUAGE_STANDARD = "gnu++0x";
				CLANG_CXX_LIBRARY = "libc++";
				CLANG_ENABLE_MODULES = YES;
				CLANG_ENABLE_OBJC_ARC = YES;
				CLANG_WARN_BOOL_CONVERSION = YES;
				CLANG_WARN_CONSTANT_CONVERSION = YES;
				CLANG_WARN_DIRECT_OBJC_ISA_USAGE = YES_ERROR;
				CLANG_WARN_DOCUMENTATION_COMMENTS = YES;
				CLANG_WARN_EMPTY_BODY = YES;
				CLANG_WARN_ENUM_CONVERSION = YES;
				CLANG_WARN_INFINITE_RECURSION = YES;
				CLANG_WARN_INT_CONVERSION = YES;
				CLANG_WARN_OBJC_ROOT_CLASS = YES_ERROR;
				CLANG_WARN_SUSPICIOUS_MOVE = YES;
				CLANG_WARN_UNREACHABLE_CODE = YES;
				CLANG_WARN__DUPLICATE_METHOD_MATCH = YES;
				"CODE_SIGN_IDENTITY[sdk=iphoneos*]" = "iPhone Developer";
				COPY_PHASE_STRIP = NO;
				DEBUG_INFORMATION_FORMAT = dwarf;
				ENABLE_STRICT_OBJC_MSGSEND = YES;
				ENABLE_TESTABILITY = YES;
				GCC_C_LANGUAGE_STANDARD = gnu99;
				GCC_DYNAMIC_NO_PIC = NO;
				GCC_NO_COMMON_BLOCKS = YES;
				GCC_OPTIMIZATION_LEVEL = 0;
				GCC_PREPROCESSOR_DEFINITIONS = (
					"DEBUG=1",
					"$(inherited)",
				);
				GCC_WARN_64_TO_32_BIT_CONVERSION = YES;
				GCC_WARN_ABOUT_RETURN_TYPE = YES_ERROR;
				GCC_WARN_UNDECLARED_SELECTOR = YES;
				GCC_WARN_UNINITIALIZED_AUTOS = YES_AGGRESSIVE;
				GCC_WARN_UNUSED_FUNCTION = YES;
				GCC_WARN_UNUSED_VARIABLE = YES;
				IPHONEOS_DEPLOYMENT_TARGET = 10.3;
				MTL_ENABLE_DEBUG_INFO = YES;
				ONLY_ACTIVE_ARCH = YES;
				SDKROOT = iphoneos;
				SWIFT_ACTIVE_COMPILATION_CONDITIONS = DEBUG;
				SWIFT_OPTIMIZATION_LEVEL = "-Onone";
				TARGETED_DEVICE_FAMILY = "1,2";
			};
			name = Debug;
		};
		81169FD21E9BBAC600A74033 /* Release */ = {
			isa = XCBuildConfiguration;
			buildSettings = {
				ALWAYS_SEARCH_USER_PATHS = NO;
				CLANG_ANALYZER_NONNULL = YES;
				CLANG_ANALYZER_NUMBER_OBJECT_CONVERSION = YES_AGGRESSIVE;
				CLANG_CXX_LANGUAGE_STANDARD = "gnu++0x";
				CLANG_CXX_LIBRARY = "libc++";
				CLANG_ENABLE_MODULES = YES;
				CLANG_ENABLE_OBJC_ARC = YES;
				CLANG_WARN_BOOL_CONVERSION = YES;
				CLANG_WARN_CONSTANT_CONVERSION = YES;
				CLANG_WARN_DIRECT_OBJC_ISA_USAGE = YES_ERROR;
				CLANG_WARN_DOCUMENTATION_COMMENTS = YES;
				CLANG_WARN_EMPTY_BODY = YES;
				CLANG_WARN_ENUM_CONVERSION = YES;
				CLANG_WARN_INFINITE_RECURSION = YES;
				CLANG_WARN_INT_CONVERSION = YES;
				CLANG_WARN_OBJC_ROOT_CLASS = YES_ERROR;
				CLANG_WARN_SUSPICIOUS_MOVE = YES;
				CLANG_WARN_UNREACHABLE_CODE = YES;
				CLANG_WARN__DUPLICATE_METHOD_MATCH = YES;
				"CODE_SIGN_IDENTITY[sdk=iphoneos*]" = "iPhone Developer";
				COPY_PHASE_STRIP = NO;
				DEBUG_INFORMATION_FORMAT = "dwarf-with-dsym";
				ENABLE_NS_ASSERTIONS = NO;
				ENABLE_STRICT_OBJC_MSGSEND = YES;
				GCC_C_LANGUAGE_STANDARD = gnu99;
				GCC_NO_COMMON_BLOCKS = YES;
				GCC_WARN_64_TO_32_BIT_CONVERSION = YES;
				GCC_WARN_ABOUT_RETURN_TYPE = YES_ERROR;
				GCC_WARN_UNDECLARED_SELECTOR = YES;
				GCC_WARN_UNINITIALIZED_AUTOS = YES_AGGRESSIVE;
				GCC_WARN_UNUSED_FUNCTION = YES;
				GCC_WARN_UNUSED_VARIABLE = YES;
				IPHONEOS_DEPLOYMENT_TARGET = 10.3;
				MTL_ENABLE_DEBUG_INFO = NO;
				SDKROOT = iphoneos;
				SWIFT_OPTIMIZATION_LEVEL = "-Owholemodule";
				TARGETED_DEVICE_FAMILY = "1,2";
				VALIDATE_PRODUCT = YES;
			};
			name = Release;
		};
		81169FD41E9BBAC600A74033 /* Debug */ = {
			isa = XCBuildConfiguration;
			buildSettings = {
				ASSETCATALOG_COMPILER_APPICON_NAME = AppIcon;
				DEVELOPMENT_TEAM = M7E8W35RYZ;
				INFOPLIST_FILE = contactTest/Info.plist;
				LD_RUNPATH_SEARCH_PATHS = "$(inherited) @executable_path/Frameworks";
				PRODUCT_BUNDLE_IDENTIFIER = com.ios.contactTest;
				PRODUCT_NAME = "$(TARGET_NAME)";
				SWIFT_VERSION = 3.0;
			};
			name = Debug;
		};
		81169FD51E9BBAC600A74033 /* Release */ = {
			isa = XCBuildConfiguration;
			buildSettings = {
				ASSETCATALOG_COMPILER_APPICON_NAME = AppIcon;
				DEVELOPMENT_TEAM = M7E8W35RYZ;
				INFOPLIST_FILE = contactTest/Info.plist;
				LD_RUNPATH_SEARCH_PATHS = "$(inherited) @executable_path/Frameworks";
				PRODUCT_BUNDLE_IDENTIFIER = com.ios.contactTest;
				PRODUCT_NAME = "$(TARGET_NAME)";
				SWIFT_VERSION = 3.0;
			};
			name = Release;
		};
/* End XCBuildConfiguration section */

/* Begin XCConfigurationList section */
		81169FBC1E9BBAC600A74033 /* Build configuration list for PBXProject "contactTest" */ = {
			isa = XCConfigurationList;
			buildConfigurations = (
				81169FD11E9BBAC600A74033 /* Debug */,
				81169FD21E9BBAC600A74033 /* Release */,
			);
			defaultConfigurationIsVisible = 0;
			defaultConfigurationName = Release;
		};
		81169FD31E9BBAC600A74033 /* Build configuration list for PBXNativeTarget "contactTest" */ = {
			isa = XCConfigurationList;
			buildConfigurations = (
				81169FD41E9BBAC600A74033 /* Debug */,
				81169FD51E9BBAC600A74033 /* Release */,
			);
			defaultConfigurationIsVisible = 0;
			defaultConfigurationName = Release;
		};
/* End XCConfigurationList section */
	};
	rootObject = 81169FB91E9BBAC600A74033 /* Project object */;
}
